
Microsoft Visual Studio Solution File, Format Version 12.00
# Visual Studio 14
VisualStudioVersion = 14.0.25420.1
MinimumVisualStudioVersion = 10.0.40219.1
Project("{FAE04EC0-301F-11D3-BF4B-00C04F79EFBC}") = "CSDS", "CSDS.csproj", "{EC968BB6-9E19-4E82-B031-5DA69743CD06}"
EndProject
Project("{FAE04EC0-301F-11D3-BF4B-00C04F79EFBC}") = "CSDS_Test", "..\CSDS_Test\CSDS_Test.csproj", "{C1506024-831C-460F-9B1A-90571B9F87F7}"
EndProject
Project("{FAE04EC0-301F-11D3-BF4B-00C04F79EFBC}") = "DSCCSDS", "..\DSCCSDS\DSCCSDS.csproj", "{3A0D38B2-5B89-453A-B694-FFAA0080A3E5}"
EndProject
Global
	GlobalSection(SolutionConfigurationPlatforms) = preSolution
		Debug|Any CPU = Debug|Any CPU
		Release|Any CPU = Release|Any CPU
	EndGlobalSection
	GlobalSection(ProjectConfigurationPlatforms) = postSolution
		{EC968BB6-9E19-4E82-B031-5DA69743CD06}.Debug|Any CPU.ActiveCfg = Debug|Any CPU
		{EC968BB6-9E19-4E82-B031-5DA69743CD06}.Debug|Any CPU.Build.0 = Debug|Any CPU
		{EC968BB6-9E19-4E82-B031-5DA69743CD06}.Release|Any CPU.ActiveCfg = Release|Any CPU
		{EC968BB6-9E19-4E82-B031-5DA69743CD06}.Release|Any CPU.Build.0 = Release|Any CPU
		{C1506024-831C-460F-9B1A-90571B9F87F7}.Debug|Any CPU.ActiveCfg = Debug|Any CPU
		{C1506024-831C-460F-9B1A-90571B9F87F7}.Debug|Any CPU.Build.0 = Debug|Any CPU
		{C1506024-831C-460F-9B1A-90571B9F87F7}.Release|Any CPU.ActiveCfg = Release|Any CPU
		{C1506024-831C-460F-9B1A-90571B9F87F7}.Release|Any CPU.Build.0 = Release|Any CPU
		{3A0D38B2-5B89-453A-B694-FFAA0080A3E5}.Debug|Any CPU.ActiveCfg = Debug|Any CPU
		{3A0D38B2-5B89-453A-B694-FFAA0080A3E5}.Debug|Any CPU.Build.0 = Debug|Any CPU
		{3A0D38B2-5B89-453A-B694-FFAA0080A3E5}.Release|Any CPU.ActiveCfg = Release|Any CPU
		{3A0D38B2-5B89-453A-B694-FFAA0080A3E5}.Release|Any CPU.Build.0 = Release|Any CPU
	EndGlobalSection
	GlobalSection(SolutionProperties) = preSolution
		HideSolutionNode = FALSE
	EndGlobalSection
EndGlobal
